
Microsoft Visual Studio Solution File, Format Version 12.00
# Visual Studio Version 16
VisualStudioVersion = 16.0.31911.196
MinimumVisualStudioVersion = 10.0.40219.1
Project("{FAE04EC0-301F-11D3-BF4B-00C04F79EFBC}") = "CalculateProject", "CalculateProject\CalculateProject.csproj", "{C6587575-103E-463D-8F2B-A2F5BE7DB992}"
EndProject
Project("{FAE04EC0-301F-11D3-BF4B-00C04F79EFBC}") = "ClassLibrary1", "ClassLibrary1\ClassLibrary1.csproj", "{76A1ABEC-591D-4B2F-B664-E607F79C9026}"
EndProject
Global
	GlobalSection(SolutionConfigurationPlatforms) = preSolution
		Debug|Any CPU = Debug|Any CPU
		Release|Any CPU = Release|Any CPU
	EndGlobalSection
	GlobalSection(ProjectConfigurationPlatforms) = postSolution
		{C6587575-103E-463D-8F2B-A2F5BE7DB992}.Debug|Any CPU.ActiveCfg = Debug|Any CPU
		{C6587575-103E-463D-8F2B-A2F5BE7DB992}.Debug|Any CPU.Build.0 = Debug|Any CPU
		{C6587575-103E-463D-8F2B-A2F5BE7DB992}.Release|Any CPU.ActiveCfg = Release|Any CPU
		{C6587575-103E-463D-8F2B-A2F5BE7DB992}.Release|Any CPU.Build.0 = Release|Any CPU
		{76A1ABEC-591D-4B2F-B664-E607F79C9026}.Debug|Any CPU.ActiveCfg = Debug|Any CPU
		{76A1ABEC-591D-4B2F-B664-E607F79C9026}.Debug|Any CPU.Build.0 = Debug|Any CPU
		{76A1ABEC-591D-4B2F-B664-E607F79C9026}.Release|Any CPU.ActiveCfg = Release|Any CPU
		{76A1ABEC-591D-4B2F-B664-E607F79C9026}.Release|Any CPU.Build.0 = Release|Any CPU
	EndGlobalSection
	GlobalSection(SolutionProperties) = preSolution
		HideSolutionNode = FALSE
	EndGlobalSection
	GlobalSection(ExtensibilityGlobals) = postSolution
		SolutionGuid = {4CFC9014-F065-4BAA-81C2-91193016C466}
	EndGlobalSection
EndGlobal
